<?xml version="1.0" encoding="utf-8"?>
<Project ToolsVersion="4.0" xmlns="http://schemas.microsoft.com/developer/msbuild/2003">
  <ItemGroup>
    <Filter Include="소스 파일">
      <UniqueIdentifier>{4FC737F1-C7A5-4376-A066-2A32D752A2FF}</UniqueIdentifier>
      <Extensions>cpp;c;cc;cxx;c++;cppm;ixx;def;odl;idl;hpj;bat;asm;asmx</Extensions>
    </Filter>
    <Filter Include="헤더 파일">
      <UniqueIdentifier>{93995380-89BD-4b04-88EB-625FBE52EBFB}</UniqueIdentifier>
      <Extensions>h;hh;hpp;hxx;h++;hm;inl;inc;ipp;xsd</Extensions>
    </Filter>
    <Filter Include="리소스 파일">
      <UniqueIdentifier>{67DA6AB6-F800-4c08-8B7A-83BB121AAD01}</UniqueIdentifier>
      <Extensions>rc;ico;cur;bmp;dlg;rc2;rct;bin;rgs;gif;jpg;jpeg;jpe;resx;tiff;tif;png;wav;mfcribbon-ms</Extensions>
    </Filter>
    <Filter Include="GameCode">
      <UniqueIdentifier>{62ed2104-e7b4-4654-bc88-25f277554b05}</UniqueIdentifier>
    </Filter>
    <Filter Include="GameData">
      <UniqueIdentifier>{09ea1a2e-b8a7-42a3-99ac-68efbff73fee}</UniqueIdentifier>
    </Filter>
  </ItemGroup>
  <ItemGroup>
    <ClInclude Include="targetver.h">
      <Filter>헤더 파일</Filter>
    </ClInclude>
    <ClInclude Include="Resource.h">
      <Filter>헤더 파일</Filter>
    </ClInclude>
    <ClInclude Include="OSGameClient.h">
      <Filter>GameCode</Filter>
    </ClInclude>
    <ClInclude Include="framework.h">
      <Filter>헤더 파일</Filter>
    </ClInclude>
    <ClInclude Include="Renderer.h">
      <Filter>GameCode</Filter>
    </ClInclude>
    <ClInclude Include="GameLoop.h">
      <Filter>GameCode</Filter>
    </ClInclude>
    <ClInclude Include="EditorLayout.h">
      <Filter>GameCode</Filter>
    </ClInclude>
    <ClInclude Include="PropertyPanel.h">
      <Filter>GameCode</Filter>
    </ClInclude>
  </ItemGroup>
  <ItemGroup>
    <ResourceCompile Include="OSGameClient.rc">
      <Filter>리소스 파일</Filter>
    </ResourceCompile>
  </ItemGroup>
  <ItemGroup>
    <Image Include="small.ico">
      <Filter>리소스 파일</Filter>
    </Image>
    <Image Include="OSGameClient.ico">
      <Filter>리소스 파일</Filter>
    </Image>
  </ItemGroup>
  <ItemGroup>
    <ClCompile Include="OSGameClient.cpp">
      <Filter>GameCode</Filter>
    </ClCompile>
    <ClCompile Include="Renderer.cpp">
      <Filter>GameCode</Filter>
    </ClCompile>
    <ClCompile Include="GameLoop.cpp">
      <Filter>GameCode</Filter>
    </ClCompile>
    <ClCompile Include="PropertyPanel.cpp">
      <Filter>GameCode</Filter>
    </ClCompile>
  </ItemGroup>
  <ItemGroup>
    <None Include="GameData\image\default.jpg">
      <Filter>GameData</Filter>
    </None>
    <None Include="GameData\image\map\terrain_atlas_32x32.png">
      <Filter>GameData</Filter>
    </None>
  </ItemGroup>
</Project>
